{
  "name": "project-ex02",
  "version": "1.0.0",
  "lockfileVersion": 2,
  "requires": true,
  "packages": {
    "": {
      "version": "1.0.0",
      "license": "ISC",
      "dependencies": {
        "mong-math": "file:../mong-math"
      }
    },
    "../mong-math": {
      "version": "1.0.0",
      "license": "ISC"
    },
    "node_modules/mong-math": {
      "resolved": "../mong-math",
      "link": true
    }
  },
  "dependencies": {
    "mong-math": {
      "version": "file:../mong-math"
    }
  }
}
